
Microsoft Visual Studio Solution File, Format Version 12.00
# Visual Studio 14
VisualStudioVersion = 14.0.25420.1
MinimumVisualStudioVersion = 10.0.40219.1
Project("{2150E333-8FDC-42A3-9474-1A3956D46DE8}") = "src", "src", "{7F8C2D24-44C5-453F-A6DE-C01B79C91C06}"
EndProject
Project("{2150E333-8FDC-42A3-9474-1A3956D46DE8}") = "Solution Items", "Solution Items", "{8D8DD44B-1E77-458A-9A58-622E591267D5}"
	ProjectSection(SolutionItems) = preProject
		global.json = global.json
	EndProjectSection
EndProject
Project("{8BB2217D-0F2D-49D1-97BC-3654ED321F3B}") = "ElasticsearchRecipes", "src\ElasticsearchRecipes\ElasticsearchRecipes.xproj", "{58BDEA3A-766D-4501-8DA5-AA3F78939980}"
EndProject
Global
	GlobalSection(SolutionConfigurationPlatforms) = preSolution
		Debug|Any CPU = Debug|Any CPU
		Release|Any CPU = Release|Any CPU
	EndGlobalSection
	GlobalSection(ProjectConfigurationPlatforms) = postSolution
		{58BDEA3A-766D-4501-8DA5-AA3F78939980}.Debug|Any CPU.ActiveCfg = Debug|Any CPU
		{58BDEA3A-766D-4501-8DA5-AA3F78939980}.Debug|Any CPU.Build.0 = Debug|Any CPU
		{58BDEA3A-766D-4501-8DA5-AA3F78939980}.Release|Any CPU.ActiveCfg = Release|Any CPU
		{58BDEA3A-766D-4501-8DA5-AA3F78939980}.Release|Any CPU.Build.0 = Release|Any CPU
	EndGlobalSection
	GlobalSection(SolutionProperties) = preSolution
		HideSolutionNode = FALSE
	EndGlobalSection
	GlobalSection(NestedProjects) = preSolution
		{58BDEA3A-766D-4501-8DA5-AA3F78939980} = {7F8C2D24-44C5-453F-A6DE-C01B79C91C06}
	EndGlobalSection
EndGlobal
